
Microsoft Visual Studio Solution File, Format Version 12.00
# Visual Studio 15
VisualStudioVersion = 15.0.28010.2003
MinimumVisualStudioVersion = 10.0.40219.1
Project("{FAE04EC0-301F-11D3-BF4B-00C04F79EFBC}") = "GenomeSequencing", "GenomeSequencing\GenomeSequencing.csproj", "{04A69C6F-B58B-4E7A-9735-87E6BFFA0BC9}"
EndProject
Project("{FAE04EC0-301F-11D3-BF4B-00C04F79EFBC}") = "GenomeSequencingTests", "GenomeSequencingTests\GenomeSequencingTests.csproj", "{83DAB1F7-E2B8-4D9E-9BF4-F43EC8A1CC90}"
EndProject
Project("{FAE04EC0-301F-11D3-BF4B-00C04F79EFBC}") = "ProceduralSolution", "ProceduralSolution\ProceduralSolution.csproj", "{C5B2DCFC-F67E-4361-B493-A3F04CBDC520}"
EndProject
Global
	GlobalSection(SolutionConfigurationPlatforms) = preSolution
		Debug|Any CPU = Debug|Any CPU
		Release|Any CPU = Release|Any CPU
	EndGlobalSection
	GlobalSection(ProjectConfigurationPlatforms) = postSolution
		{04A69C6F-B58B-4E7A-9735-87E6BFFA0BC9}.Debug|Any CPU.ActiveCfg = Debug|Any CPU
		{04A69C6F-B58B-4E7A-9735-87E6BFFA0BC9}.Debug|Any CPU.Build.0 = Debug|Any CPU
		{04A69C6F-B58B-4E7A-9735-87E6BFFA0BC9}.Release|Any CPU.ActiveCfg = Release|Any CPU
		{04A69C6F-B58B-4E7A-9735-87E6BFFA0BC9}.Release|Any CPU.Build.0 = Release|Any CPU
		{83DAB1F7-E2B8-4D9E-9BF4-F43EC8A1CC90}.Debug|Any CPU.ActiveCfg = Debug|Any CPU
		{83DAB1F7-E2B8-4D9E-9BF4-F43EC8A1CC90}.Debug|Any CPU.Build.0 = Debug|Any CPU
		{83DAB1F7-E2B8-4D9E-9BF4-F43EC8A1CC90}.Release|Any CPU.ActiveCfg = Release|Any CPU
		{83DAB1F7-E2B8-4D9E-9BF4-F43EC8A1CC90}.Release|Any CPU.Build.0 = Release|Any CPU
		{C5B2DCFC-F67E-4361-B493-A3F04CBDC520}.Debug|Any CPU.ActiveCfg = Debug|Any CPU
		{C5B2DCFC-F67E-4361-B493-A3F04CBDC520}.Debug|Any CPU.Build.0 = Debug|Any CPU
		{C5B2DCFC-F67E-4361-B493-A3F04CBDC520}.Release|Any CPU.ActiveCfg = Release|Any CPU
		{C5B2DCFC-F67E-4361-B493-A3F04CBDC520}.Release|Any CPU.Build.0 = Release|Any CPU
	EndGlobalSection
	GlobalSection(SolutionProperties) = preSolution
		HideSolutionNode = FALSE
	EndGlobalSection
	GlobalSection(ExtensibilityGlobals) = postSolution
		SolutionGuid = {A329F0A7-E99E-4609-89E5-B94E39792E91}
	EndGlobalSection
EndGlobal
